apiVersion: vendir.k14s.io/v1alpha1
directories:
- contents:
  - git:
      commitTitle: 'update(k8s-metacollector): bump application version to 0.1.1...'
      sha: addf0d3cc3dd0b0ffa36fe73992e70d8cbecb1ef
      tags:
      - k8s-metacollector-0.1.8
    path: .
  path: helm/falco/charts
kind: LockConfig
