dependencies:
- name: falco
  repository: ""
  version: 6.3.0
- name: falcosidekick
  repository: ""
  version: 0.11.1
- name: k8s-metacollector
  repository: ""
  version: 0.1.10
digest: sha256:e0d9d56e437eb6f49ffe6a2f0c2f2b14faaac0b3feb6680b74f31b2ba96f0ad6
generated: "2025-09-29T08:03:59.884662275Z"
