dependencies:
- name: falco
  repository: ""
  version: 4.6.1
- name: falco-exporter
  repository: ""
  version: 0.11.0
- name: falcosidekick
  repository: ""
  version: 0.8.2
digest: sha256:c3839c7fff0900ee484adea35efb0290893c46cc835ce75a946d26d352ead7f4
generated: "2024-07-17T09:53:49.849810879Z"
